
Microsoft Visual Studio Solution File, Format Version 12.00
# Visual Studio Version 17
VisualStudioVersion = 17.11.35222.181
MinimumVisualStudioVersion = 10.0.40219.1
Project("{FAE04EC0-301F-11D3-BF4B-00C04F79EFBC}") = "CovidSimulation", "CovidSimulation\CovidSimulation.csproj", "{71560081-4713-41EA-9E24-ACA40610DADF}"
EndProject
Global
	GlobalSection(SolutionConfigurationPlatforms) = preSolution
		Debug|Any CPU = Debug|Any CPU
		Release|Any CPU = Release|Any CPU
	EndGlobalSection
	GlobalSection(ProjectConfigurationPlatforms) = postSolution
		{71560081-4713-41EA-9E24-ACA40610DADF}.Debug|Any CPU.ActiveCfg = Debug|Any CPU
		{71560081-4713-41EA-9E24-ACA40610DADF}.Debug|Any CPU.Build.0 = Debug|Any CPU
		{71560081-4713-41EA-9E24-ACA40610DADF}.Release|Any CPU.ActiveCfg = Release|Any CPU
		{71560081-4713-41EA-9E24-ACA40610DADF}.Release|Any CPU.Build.0 = Release|Any CPU
	EndGlobalSection
	GlobalSection(SolutionProperties) = preSolution
		HideSolutionNode = FALSE
	EndGlobalSection
	GlobalSection(ExtensibilityGlobals) = postSolution
		SolutionGuid = {EAEB384C-9C07-495E-A7EC-0BB695E08E44}
	EndGlobalSection
EndGlobal
